// !$*UTF8*$!
{
	archiveVersion = 1;
	classes = {
	};
	objectVersion = 55;
	objects = {

/* Begin PBXBuildFile section */
		A9B2BD1627A2CBC7008A5A1E /* AppDelegate.swift in Sources */ = {isa = PBXBuildFile; fileRef = A9B2BD1527A2CBC7008A5A1E /* AppDelegate.swift */; };
		A9B2BD1827A2CBC7008A5A1E /* SceneDelegate.swift in Sources */ = {isa = PBXBuildFile; fileRef = A9B2BD1727A2CBC7008A5A1E /* SceneDelegate.swift */; };
		A9B2BD1A27A2CBC7008A5A1E /* ViewController.swift in Sources */ = {isa = PBXBuildFile; fileRef = A9B2BD1927A2CBC7008A5A1E /* ViewController.swift */; };
		A9B2BD1D27A2CBC7008A5A1E /* Main.storyboard in Resources */ = {isa = PBXBuildFile; fileRef = A9B2BD1B27A2CBC7008A5A1E /* Main.storyboard */; };
		A9B2BD2027A2CBC7008A5A1E /* Odla.xcdatamodeld in Sources */ = {isa = PBXBuildFile; fileRef = A9B2BD1E27A2CBC7008A5A1E /* Odla.xcdatamodeld */; };
		A9B2BD2227A2CBD5008A5A1E /* Assets.xcassets in Resources */ = {isa = PBXBuildFile; fileRef = A9B2BD2127A2CBD5008A5A1E /* Assets.xcassets */; };
		A9B2BD2527A2CBD5008A5A1E /* LaunchScreen.storyboard in Resources */ = {isa = PBXBuildFile; fileRef = A9B2BD2327A2CBD5008A5A1E /* LaunchScreen.storyboard */; };
/* End PBXBuildFile section */

/* Begin PBXFileReference section */
		A9B2BD1227A2CBC7008A5A1E /* Odla.app */ = {isa = PBXFileReference; explicitFileType = wrapper.application; includeInIndex = 0; path = Odla.app; sourceTree = BUILT_PRODUCTS_DIR; };
		A9B2BD1527A2CBC7008A5A1E /* AppDelegate.swift */ = {isa = PBXFileReference; lastKnownFileType = sourcecode.swift; path = AppDelegate.swift; sourceTree = "<group>"; };
		A9B2BD1727A2CBC7008A5A1E /* SceneDelegate.swift */ = {isa = PBXFileReference; lastKnownFileType = sourcecode.swift; path = SceneDelegate.swift; sourceTree = "<group>"; };
		A9B2BD1927A2CBC7008A5A1E /* ViewController.swift */ = {isa = PBXFileReference; lastKnownFileType = sourcecode.swift; path = ViewController.swift; sourceTree = "<group>"; };
		A9B2BD1C27A2CBC7008A5A1E /* Base */ = {isa = PBXFileReference; lastKnownFileType = file.storyboard; name = Base; path = Base.lproj/Main.storyboard; sourceTree = "<group>"; };
		A9B2BD1F27A2CBC7008A5A1E /* Odla.xcdatamodel */ = {isa = PBXFileReference; lastKnownFileType = wrapper.xcdatamodel; path = Odla.xcdatamodel; sourceTree = "<group>"; };
		A9B2BD2127A2CBD5008A5A1E /* Assets.xcassets */ = {isa = PBXFileReference; lastKnownFileType = folder.assetcatalog; path = Assets.xcassets; sourceTree = "<group>"; };
		A9B2BD2427A2CBD5008A5A1E /* Base */ = {isa = PBXFileReference; lastKnownFileType = file.storyboard; name = Base; path = Base.lproj/LaunchScreen.storyboard; sourceTree = "<group>"; };
		A9B2BD2627A2CBD5008A5A1E /* Info.plist */ = {isa = PBXFileReference; lastKnownFileType = text.plist.xml; path = Info.plist; sourceTree = "<group>"; };
/* End PBXFileReference section */

/* Begin PBXFrameworksBuildPhase section */
		A9B2BD0F27A2CBC6008A5A1E /* Frameworks */ = {
			isa = PBXFrameworksBuildPhase;
			buildActionMask = 2147483647;
			files = (
			);
			runOnlyForDeploymentPostprocessing = 0;
		};
/* End PBXFrameworksBuildPhase section */

/* Begin PBXGroup section */
		A9B2BD0927A2CBC6008A5A1E = {
			isa = PBXGroup;
			children = (
				A9B2BD1427A2CBC7008A5A1E /* Odla */,
				A9B2BD1327A2CBC7008A5A1E /* Products */,
			);
			sourceTree = "<group>";
		};
		A9B2BD1327A2CBC7008A5A1E /* Products */ = {
			isa = PBXGroup;
			children = (
				A9B2BD1227A2CBC7008A5A1E /* Odla.app */,
			);
			name = Products;
			sourceTree = "<group>";
		};
		A9B2BD1427A2CBC7008A5A1E /* Odla */ = {
			isa = PBXGroup;
			children = (
				A9B2BD1527A2CBC7008A5A1E /* AppDelegate.swift */,
				A9B2BD1727A2CBC7008A5A1E /* SceneDelegate.swift */,
				A9B2BD1927A2CBC7008A5A1E /* ViewController.swift */,
				A9B2BD1B27A2CBC7008A5A1E /* Main.storyboard */,
				A9B2BD2127A2CBD5008A5A1E /* Assets.xcassets */,
				A9B2BD2327A2CBD5008A5A1E /* LaunchScreen.storyboard */,
				A9B2BD2627A2CBD5008A5A1E /* Info.plist */,
				A9B2BD1E27A2CBC7008A5A1E /* Odla.xcdatamodeld */,
			);
			path = Odla;
			sourceTree = "<group>";
		};
/* End PBXGroup section */

/* Begin PBXNativeTarget section */
		A9B2BD1127A2CBC6008A5A1E /* Odla */ = {
			isa = PBXNativeTarget;
			buildConfigurationList = A9B2BD2927A2CBD5008A5A1E /* Build configuration list for PBXNativeTarget "Odla" */;
			buildPhases = (
				A9B2BD0E27A2CBC6008A5A1E /* Sources */,
				A9B2BD0F27A2CBC6008A5A1E /* Frameworks */,
				A9B2BD1027A2CBC6008A5A1E /* Resources */,
			);
			buildRules = (
			);
			dependencies = (
			);
			name = Odla;
			productName = Odla;
			productReference = A9B2BD1227A2CBC7008A5A1E /* Odla.app */;
			productType = "com.apple.product-type.application";
		};
/* End PBXNativeTarget section */

/* Begin PBXProject section */
		A9B2BD0A27A2CBC6008A5A1E /* Project object */ = {
			isa = PBXProject;
			attributes = {
				BuildIndependentTargetsInParallel = 1;
				LastSwiftUpdateCheck = 1320;
				LastUpgradeCheck = 1320;
				TargetAttributes = {
					A9B2BD1127A2CBC6008A5A1E = {
						CreatedOnToolsVersion = 13.2.1;
					};
				};
			};
			buildConfigurationList = A9B2BD0D27A2CBC6008A5A1E /* Build configuration list for PBXProject "Odla" */;
			compatibilityVersion = "Xcode 13.0";
			developmentRegion = en;
			hasScannedForEncodings = 0;
			knownRegions = (
				en,
				Base,
			);
			mainGroup = A9B2BD0927A2CBC6008A5A1E;
			productRefGroup = A9B2BD1327A2CBC7008A5A1E /* Products */;
			projectDirPath = "";
			projectRoot = "";
			targets = (
				A9B2BD1127A2CBC6008A5A1E /* Odla */,
			);
		};
/* End PBXProject section */

/* Begin PBXResourcesBuildPhase section */
		A9B2BD1027A2CBC6008A5A1E /* Resources */ = {
			isa = PBXResourcesBuildPhase;
			buildActionMask = 2147483647;
			files = (
				A9B2BD2527A2CBD5008A5A1E /* LaunchScreen.storyboard in Resources */,
				A9B2BD2227A2CBD5008A5A1E /* Assets.xcassets in Resources */,
				A9B2BD1D27A2CBC7008A5A1E /* Main.storyboard in Resources */,
			);
			runOnlyForDeploymentPostprocessing = 0;
		};
/* End PBXResourcesBuildPhase section */

/* Begin PBXSourcesBuildPhase section */
		A9B2BD0E27A2CBC6008A5A1E /* Sources */ = {
			isa = PBXSourcesBuildPhase;
			buildActionMask = 2147483647;
			files = (
				A9B2BD1A27A2CBC7008A5A1E /* ViewController.swift in Sources */,
				A9B2BD2027A2CBC7008A5A1E /* Odla.xcdatamodeld in Sources */,
				A9B2BD1627A2CBC7008A5A1E /* AppDelegate.swift in Sources */,
				A9B2BD1827A2CBC7008A5A1E /* SceneDelegate.swift in Sources */,
			);
			runOnlyForDeploymentPostprocessing = 0;
		};
/* End PBXSourcesBuildPhase section */

/* Begin PBXVariantGroup section */
		A9B2BD1B27A2CBC7008A5A1E /* Main.storyboard */ = {
			isa = PBXVariantGroup;
			children = (
				A9B2BD1C27A2CBC7008A5A1E /* Base */,
			);
			name = Main.storyboard;
			sourceTree = "<group>";
		};
		A9B2BD2327A2CBD5008A5A1E /* LaunchScreen.storyboard */ = {
			isa = PBXVariantGroup;
			children = (
				A9B2BD2427A2CBD5008A5A1E /* Base */,
			);
			name = LaunchScreen.storyboard;
			sourceTree = "<group>";
		};
/* End PBXVariantGroup section */

/* Begin XCBuildConfiguration section */
		A9B2BD2727A2CBD5008A5A1E /* Debug */ = {
			isa = XCBuildConfiguration;
			buildSettings = {
				ALWAYS_SEARCH_USER_PATHS = NO;
				CLANG_ANALYZER_NONNULL = YES;
				CLANG_ANALYZER_NUMBER_OBJECT_CONVERSION = YES_AGGRESSIVE;
				CLANG_CXX_LANGUAGE_STANDARD = "gnu++17";
				CLANG_CXX_LIBRARY = "libc++";
				CLANG_ENABLE_MODULES = YES;
				CLANG_ENABLE_OBJC_ARC = YES;
				CLANG_ENABLE_OBJC_WEAK = YES;
				CLANG_WARN_BLOCK_CAPTURE_AUTORELEASING = YES;
				CLANG_WARN_BOOL_CONVERSION = YES;
				CLANG_WARN_COMMA = YES;
				CLANG_WARN_CONSTANT_CONVERSION = YES;
				CLANG_WARN_DEPRECATED_OBJC_IMPLEMENTATIONS = YES;
				CLANG_WARN_DIRECT_OBJC_ISA_USAGE = YES_ERROR;
				CLANG_WARN_DOCUMENTATION_COMMENTS = YES;
				CLANG_WARN_EMPTY_BODY = YES;
				CLANG_WARN_ENUM_CONVERSION = YES;
				CLANG_WARN_INFINITE_RECURSION = YES;
				CLANG_WARN_INT_CONVERSION = YES;
				CLANG_WARN_NON_LITERAL_NULL_CONVERSION = YES;
				CLANG_WARN_OBJC_IMPLICIT_RETAIN_SELF = YES;
				CLANG_WARN_OBJC_LITERAL_CONVERSION = YES;
				CLANG_WARN_OBJC_ROOT_CLASS = YES_ERROR;
				CLANG_WARN_QUOTED_INCLUDE_IN_FRAMEWORK_HEADER = YES;
				CLANG_WARN_RANGE_LOOP_ANALYSIS = YES;
				CLANG_WARN_STRICT_PROTOTYPES = YES;
				CLANG_WARN_SUSPICIOUS_MOVE = YES;
				CLANG_WARN_UNGUARDED_AVAILABILITY = YES_AGGRESSIVE;
				CLANG_WARN_UNREACHABLE_CODE = YES;
				CLANG_WARN__DUPLICATE_METHOD_MATCH = YES;
				COPY_PHASE_STRIP = NO;
				DEBUG_INFORMATION_FORMAT = dwarf;
				ENABLE_STRICT_OBJC_MSGSEND = YES;
				ENABLE_TESTABILITY = YES;
				GCC_C_LANGUAGE_STANDARD = gnu11;
				GCC_DYNAMIC_NO_PIC = NO;
				GCC_NO_COMMON_BLOCKS = YES;
				GCC_OPTIMIZATION_LEVEL = 0;
				GCC_PREPROCESSOR_DEFINITIONS = (
					"DEBUG=1",
					"$(inherited)",
				);
				GCC_WARN_64_TO_32_BIT_CONVERSION = YES;
				GCC_WARN_ABOUT_RETURN_TYPE = YES_ERROR;
				GCC_WARN_UNDECLARED_SELECTOR = YES;
				GCC_WARN_UNINITIALIZED_AUTOS = YES_AGGRESSIVE;
				GCC_WARN_UNUSED_FUNCTION = YES;
				GCC_WARN_UNUSED_VARIABLE = YES;
				IPHONEOS_DEPLOYMENT_TARGET = 15.2;
				MTL_ENABLE_DEBUG_INFO = INCLUDE_SOURCE;
				MTL_FAST_MATH = YES;
				ONLY_ACTIVE_ARCH = YES;
				SDKROOT = iphoneos;
				SWIFT_ACTIVE_COMPILATION_CONDITIONS = DEBUG;
				SWIFT_OPTIMIZATION_LEVEL = "-Onone";
			};
			name = Debug;
		};
		A9B2BD2827A2CBD5008A5A1E /* Release */ = {
			isa = XCBuildConfiguration;
			buildSettings = {
				ALWAYS_SEARCH_USER_PATHS = NO;
				CLANG_ANALYZER_NONNULL = YES;
				CLANG_ANALYZER_NUMBER_OBJECT_CONVERSION = YES_AGGRESSIVE;
				CLANG_CXX_LANGUAGE_STANDARD = "gnu++17";
				CLANG_CXX_LIBRARY = "libc++";
				CLANG_ENABLE_MODULES = YES;
				CLANG_ENABLE_OBJC_ARC = YES;
				CLANG_ENABLE_OBJC_WEAK = YES;
				CLANG_WARN_BLOCK_CAPTURE_AUTORELEASING = YES;
				CLANG_WARN_BOOL_CONVERSION = YES;
				CLANG_WARN_COMMA = YES;
				CLANG_WARN_CONSTANT_CONVERSION = YES;
				CLANG_WARN_DEPRECATED_OBJC_IMPLEMENTATIONS = YES;
				CLANG_WARN_DIRECT_OBJC_ISA_USAGE = YES_ERROR;
				CLANG_WARN_DOCUMENTATION_COMMENTS = YES;
				CLANG_WARN_EMPTY_BODY = YES;
				CLANG_WARN_ENUM_CONVERSION = YES;
				CLANG_WARN_INFINITE_RECURSION = YES;
				CLANG_WARN_INT_CONVERSION = YES;
				CLANG_WARN_NON_LITERAL_NULL_CONVERSION = YES;
				CLANG_WARN_OBJC_IMPLICIT_RETAIN_SELF = YES;
				CLANG_WARN_OBJC_LITERAL_CONVERSION = YES;
				CLANG_WARN_OBJC_ROOT_CLASS = YES_ERROR;
				CLANG_WARN_QUOTED_INCLUDE_IN_FRAMEWORK_HEADER = YES;
				CLANG_WARN_RANGE_LOOP_ANALYSIS = YES;
				CLANG_WARN_STRICT_PROTOTYPES = YES;
				CLANG_WARN_SUSPICIOUS_MOVE = YES;
				CLANG_WARN_UNGUARDED_AVAILABILITY = YES_AGGRESSIVE;
				CLANG_WARN_UNREACHABLE_CODE = YES;
				CLANG_WARN__DUPLICATE_METHOD_MATCH = YES;
				COPY_PHASE_STRIP = NO;
				DEBUG_INFORMATION_FORMAT = "dwarf-with-dsym";
				ENABLE_NS_ASSERTIONS = NO;
				ENABLE_STRICT_OBJC_MSGSEND = YES;
				GCC_C_LANGUAGE_STANDARD = gnu11;
				GCC_NO_COMMON_BLOCKS = YES;
				GCC_WARN_64_TO_32_BIT_CONVERSION = YES;
				GCC_WARN_ABOUT_RETURN_TYPE = YES_ERROR;
				GCC_WARN_UNDECLARED_SELECTOR = YES;
				GCC_WARN_UNINITIALIZED_AUTOS = YES_AGGRESSIVE;
				GCC_WARN_UNUSED_FUNCTION = YES;
				GCC_WARN_UNUSED_VARIABLE = YES;
				IPHONEOS_DEPLOYMENT_TARGET = 15.2;
				MTL_ENABLE_DEBUG_INFO = NO;
				MTL_FAST_MATH = YES;
				SDKROOT = iphoneos;
				SWIFT_COMPILATION_MODE = wholemodule;
				SWIFT_OPTIMIZATION_LEVEL = "-O";
				VALIDATE_PRODUCT = YES;
			};
			name = Release;
		};
		A9B2BD2A27A2CBD5008A5A1E /* Debug */ = {
			isa = XCBuildConfiguration;
			buildSettings = {
				ASSETCATALOG_COMPILER_APPICON_NAME = AppIcon;
				ASSETCATALOG_COMPILER_GLOBAL_ACCENT_COLOR_NAME = AccentColor;
				CODE_SIGN_STYLE = Automatic;
				CURRENT_PROJECT_VERSION = 1;
				DEVELOPMENT_TEAM = 55F76CZ7N6;
				GENERATE_INFOPLIST_FILE = YES;
				INFOPLIST_FILE = Odla/Info.plist;
				INFOPLIST_KEY_UIApplicationSupportsIndirectInputEvents = YES;
				INFOPLIST_KEY_UILaunchStoryboardName = LaunchScreen;
				INFOPLIST_KEY_UIMainStoryboardFile = Main;
				INFOPLIST_KEY_UISupportedInterfaceOrientations_iPad = "UIInterfaceOrientationPortrait UIInterfaceOrientationPortraitUpsideDown UIInterfaceOrientationLandscapeLeft UIInterfaceOrientationLandscapeRight";
				INFOPLIST_KEY_UISupportedInterfaceOrientations_iPhone = "UIInterfaceOrientationPortrait UIInterfaceOrientationLandscapeLeft UIInterfaceOrientationLandscapeRight";
				LD_RUNPATH_SEARCH_PATHS = (
					"$(inherited)",
					"@executable_path/Frameworks",
				);
				MARKETING_VERSION = 1.0;
				PRODUCT_BUNDLE_IDENTIFIER = com.example.Odla;
				PRODUCT_NAME = "$(TARGET_NAME)";
				SWIFT_EMIT_LOC_STRINGS = YES;
				SWIFT_VERSION = 5.0;
				TARGETED_DEVICE_FAMILY = "1,2";
			};
			name = Debug;
		};
		A9B2BD2B27A2CBD5008A5A1E /* Release */ = {
			isa = XCBuildConfiguration;
			buildSettings = {
				ASSETCATALOG_COMPILER_APPICON_NAME = AppIcon;
				ASSETCATALOG_COMPILER_GLOBAL_ACCENT_COLOR_NAME = AccentColor;
				CODE_SIGN_STYLE = Automatic;
				CURRENT_PROJECT_VERSION = 1;
				DEVELOPMENT_TEAM = 55F76CZ7N6;
				GENERATE_INFOPLIST_FILE = YES;
				INFOPLIST_FILE = Odla/Info.plist;
				INFOPLIST_KEY_UIApplicationSupportsIndirectInputEvents = YES;
				INFOPLIST_KEY_UILaunchStoryboardName = LaunchScreen;
				INFOPLIST_KEY_UIMainStoryboardFile = Main;
				INFOPLIST_KEY_UISupportedInterfaceOrientations_iPad = "UIInterfaceOrientationPortrait UIInterfaceOrientationPortraitUpsideDown UIInterfaceOrientationLandscapeLeft UIInterfaceOrientationLandscapeRight";
				INFOPLIST_KEY_UISupportedInterfaceOrientations_iPhone = "UIInterfaceOrientationPortrait UIInterfaceOrientationLandscapeLeft UIInterfaceOrientationLandscapeRight";
				LD_RUNPATH_SEARCH_PATHS = (
					"$(inherited)",
					"@executable_path/Frameworks",
				);
				MARKETING_VERSION = 1.0;
				PRODUCT_BUNDLE_IDENTIFIER = com.example.Odla;
				PRODUCT_NAME = "$(TARGET_NAME)";
				SWIFT_EMIT_LOC_STRINGS = YES;
				SWIFT_VERSION = 5.0;
				TARGETED_DEVICE_FAMILY = "1,2";
			};
			name = Release;
		};
/* End XCBuildConfiguration section */

/* Begin XCConfigurationList section */
		A9B2BD0D27A2CBC6008A5A1E /* Build configuration list for PBXProject "Odla" */ = {
			isa = XCConfigurationList;
			buildConfigurations = (
				A9B2BD2727A2CBD5008A5A1E /* Debug */,
				A9B2BD2827A2CBD5008A5A1E /* Release */,
			);
			defaultConfigurationIsVisible = 0;
			defaultConfigurationName = Release;
		};
		A9B2BD2927A2CBD5008A5A1E /* Build configuration list for PBXNativeTarget "Odla" */ = {
			isa = XCConfigurationList;
			buildConfigurations = (
				A9B2BD2A27A2CBD5008A5A1E /* Debug */,
				A9B2BD2B27A2CBD5008A5A1E /* Release */,
			);
			defaultConfigurationIsVisible = 0;
			defaultConfigurationName = Release;
		};
/* End XCConfigurationList section */

/* Begin XCVersionGroup section */
		A9B2BD1E27A2CBC7008A5A1E /* Odla.xcdatamodeld */ = {
			isa = XCVersionGroup;
			children = (
				A9B2BD1F27A2CBC7008A5A1E /* Odla.xcdatamodel */,
			);
			currentVersion = A9B2BD1F27A2CBC7008A5A1E /* Odla.xcdatamodel */;
			path = Odla.xcdatamodeld;
			sourceTree = "<group>";
			versionGroupType = wrapper.xcdatamodel;
		};
/* End XCVersionGroup section */
	};
	rootObject = A9B2BD0A27A2CBC6008A5A1E /* Project object */;
}
